
Microsoft Visual Studio Solution File, Format Version 12.00
# Visual Studio Version 17
VisualStudioVersion = 17.0.31919.166
MinimumVisualStudioVersion = 10.0.40219.1
Project("{FAE04EC0-301F-11D3-BF4B-00C04F79EFBC}") = "X-dos", "X-dos\X-dos.csproj", "{812510C8-D231-4650-8CEE-9DDAD578F911}"
EndProject
Global
	GlobalSection(SolutionConfigurationPlatforms) = preSolution
		Debug|Any CPU = Debug|Any CPU
		Release|Any CPU = Release|Any CPU
	EndGlobalSection
	GlobalSection(ProjectConfigurationPlatforms) = postSolution
		{812510C8-D231-4650-8CEE-9DDAD578F911}.Debug|Any CPU.ActiveCfg = Debug|Any CPU
		{812510C8-D231-4650-8CEE-9DDAD578F911}.Debug|Any CPU.Build.0 = Debug|Any CPU
		{812510C8-D231-4650-8CEE-9DDAD578F911}.Release|Any CPU.ActiveCfg = Release|Any CPU
		{812510C8-D231-4650-8CEE-9DDAD578F911}.Release|Any CPU.Build.0 = Release|Any CPU
	EndGlobalSection
	GlobalSection(SolutionProperties) = preSolution
		HideSolutionNode = FALSE
	EndGlobalSection
	GlobalSection(ExtensibilityGlobals) = postSolution
		SolutionGuid = {A7AEC23B-B553-413D-AAA7-E2186CC2440E}
	EndGlobalSection
EndGlobal
